github.com/gojuno/go.morton v0.0.0-20180202102823-94709bd871ce h1:mUc5xcG/z3O9Y0Ic2P0dpoDIM56SVM22HOS91duNaWQ=
github.com/gojuno/go.morton v0.0.0-20180202102823-94709bd871ce/go.mod h1:kJO7W3iXPkHAnBENPwQxLWhBV9IjKqdhjGOA4Yy/f5E=
github.com/spf13/pflag v1.0.5 h1:iy+VFUOCP1a+8yFto/drg2CJ5u0yRoB7fZw3DKv/JXA=
github.com/spf13/pflag v1.0.5/go.mod h1:McXfInJRrz4CZXVZOBLb0bTZqETkiAhM9Iw0y3An2Bg=
